{
	"requires": true,
	"lockfileVersion": 1,
	"dependencies": {
		"@monument/core": {
			"version": "0.0.52",
			"resolved": "https://registry.npmjs.org/@monument/core/-/core-0.0.52.tgz",
			"integrity": "sha512-cWWEntZ3g4kVbvrcBg7ESFIFb2enmA5mGZYaOVGQO/wCGxYwcFeGREcT9p8xHBYBI4uB4ybtZmtqLomDQ1RKRQ=="
		}
	}
}
