{
	"name": "@monument/benchmark",
	"version": "0.10.1",
	"lockfileVersion": 1,
	"requires": true,
	"dependencies": {
		"@monument/core": {
			"version": "0.10.1",
			"resolved": "https://registry.npmjs.org/@monument/core/-/core-0.10.1.tgz",
			"integrity": "sha512-l2Xa6oyVYeZPZxchctAr8Pets8ztAWb15fpf952WxbokY94bQZOToZBiSJm7AJLYoreI3zwce9ty3nwNnhp/kA==",
			"requires": {
				"reflect-metadata": "^0.1.12"
			}
		},
		"reflect-metadata": {
			"version": "0.1.13",
			"resolved": "https://registry.npmjs.org/reflect-metadata/-/reflect-metadata-0.1.13.tgz",
			"integrity": "sha512-Ts1Y/anZELhSsjMcU605fU9RE4Oi3p5ORujwbIKXfWa+0Zxs510Qrmrce5/Jowq3cHSZSJqBjypxmHarc+vEWg=="
		}
	}
}
