{
	"name": "@monument/resource",
	"version": "0.15.0",
	"lockfileVersion": 1,
	"requires": true,
	"dependencies": {
		"class-transformer": {
			"version": "0.2.3",
			"resolved": "https://registry.npmjs.org/class-transformer/-/class-transformer-0.2.3.tgz",
			"integrity": "sha512-qsP+0xoavpOlJHuYsQJsN58HXSl8Jvveo+T37rEvCEeRfMWoytAyR0Ua/YsFgpM6AZYZ/og2PJwArwzJl1aXtQ=="
		},
		"rxjs": {
			"version": "6.5.5",
			"resolved": "https://registry.npmjs.org/rxjs/-/rxjs-6.5.5.tgz",
			"integrity": "sha512-WfQI+1gohdf0Dai/Bbmk5L5ItH5tYqm3ki2c5GdWhKjalzjg93N3avFjVStyZZz+A2Em+ZxKH5bNghw9UeylGQ==",
			"requires": {
				"tslib": "^1.9.0"
			}
		},
		"ts-essentials": {
			"version": "6.0.4",
			"resolved": "https://registry.npmjs.org/ts-essentials/-/ts-essentials-6.0.4.tgz",
			"integrity": "sha512-ZtU9zgSnn8DcAxDZY1DJF8rnxsen8M0IVkO7dVB5fTEOVs7o/0RA4V6i99PIg99bpX81Sgb0FCLjQqD5Ufz3rQ=="
		},
		"tslib": {
			"version": "1.11.1",
			"resolved": "https://registry.npmjs.org/tslib/-/tslib-1.11.1.tgz",
			"integrity": "sha512-aZW88SY8kQbU7gpV19lN24LtXh/yD4ZZg6qieAJDDg+YBsJcSmLGK9QpnUjAKVG/xefmvJGd1WUmfpT/g6AJGA=="
		}
	}
}
